
Microsoft Visual Studio Solution File, Format Version 12.00
# Visual Studio Version 17
VisualStudioVersion = 17.14.36301.6
MinimumVisualStudioVersion = 10.0.40219.1
Project("{8BC9CEB8-8B4A-11D0-8D11-00A0C91BC942}") = "Program", "Program.vcxproj", "{614DC67D-6A65-41C0-95CE-4450CABCA54B}"
EndProject
Project("{8BC9CEB8-8B4A-11D0-8D11-00A0C91BC942}") = "Classs1th (Compile)", "..\Classs1th (Compile)\Classs1th (Compile).vcxproj", "{2769EA49-34F9-4884-A53B-1DC588F74CFA}"
EndProject
Project("{8BC9CEB8-8B4A-11D0-8D11-00A0C91BC942}") = "Class2th (Variable & Constant)", "..\Class2th (Variable & Constant)\Class2th (Variable & Constant).vcxproj", "{61D2E9CB-6C2B-4474-8AED-CD99E6A05C0C}"
EndProject
Project("{8BC9CEB8-8B4A-11D0-8D11-00A0C91BC942}") = "Class3th (Bit)", "..\Class3th (Bit)\Class3th (Bit).vcxproj", "{D15549C4-7560-455B-89AF-EDBB87AB7BEA}"
EndProject
Project("{8BC9CEB8-8B4A-11D0-8D11-00A0C91BC942}") = "Class4th (Overflow & Underflow)", "..\Class4th (Overflow & Underflow)\Class4th (Overflow & Underflow).vcxproj", "{AFAB2E0A-B7A7-4C05-A2AF-BF02135A5C94}"
EndProject
Global
	GlobalSection(SolutionConfigurationPlatforms) = preSolution
		Debug|x64 = Debug|x64
		Debug|x86 = Debug|x86
		Release|x64 = Release|x64
		Release|x86 = Release|x86
	EndGlobalSection
	GlobalSection(ProjectConfigurationPlatforms) = postSolution
		{614DC67D-6A65-41C0-95CE-4450CABCA54B}.Debug|x64.ActiveCfg = Debug|x64
		{614DC67D-6A65-41C0-95CE-4450CABCA54B}.Debug|x64.Build.0 = Debug|x64
		{614DC67D-6A65-41C0-95CE-4450CABCA54B}.Debug|x86.ActiveCfg = Debug|Win32
		{614DC67D-6A65-41C0-95CE-4450CABCA54B}.Debug|x86.Build.0 = Debug|Win32
		{614DC67D-6A65-41C0-95CE-4450CABCA54B}.Release|x64.ActiveCfg = Release|x64
		{614DC67D-6A65-41C0-95CE-4450CABCA54B}.Release|x64.Build.0 = Release|x64
		{614DC67D-6A65-41C0-95CE-4450CABCA54B}.Release|x86.ActiveCfg = Release|Win32
		{614DC67D-6A65-41C0-95CE-4450CABCA54B}.Release|x86.Build.0 = Release|Win32
		{2769EA49-34F9-4884-A53B-1DC588F74CFA}.Debug|x64.ActiveCfg = Debug|x64
		{2769EA49-34F9-4884-A53B-1DC588F74CFA}.Debug|x64.Build.0 = Debug|x64
		{2769EA49-34F9-4884-A53B-1DC588F74CFA}.Debug|x86.ActiveCfg = Debug|Win32
		{2769EA49-34F9-4884-A53B-1DC588F74CFA}.Debug|x86.Build.0 = Debug|Win32
		{2769EA49-34F9-4884-A53B-1DC588F74CFA}.Release|x64.ActiveCfg = Release|x64
		{2769EA49-34F9-4884-A53B-1DC588F74CFA}.Release|x64.Build.0 = Release|x64
		{2769EA49-34F9-4884-A53B-1DC588F74CFA}.Release|x86.ActiveCfg = Release|Win32
		{2769EA49-34F9-4884-A53B-1DC588F74CFA}.Release|x86.Build.0 = Release|Win32
		{61D2E9CB-6C2B-4474-8AED-CD99E6A05C0C}.Debug|x64.ActiveCfg = Debug|x64
		{61D2E9CB-6C2B-4474-8AED-CD99E6A05C0C}.Debug|x64.Build.0 = Debug|x64
		{61D2E9CB-6C2B-4474-8AED-CD99E6A05C0C}.Debug|x86.ActiveCfg = Debug|Win32
		{61D2E9CB-6C2B-4474-8AED-CD99E6A05C0C}.Debug|x86.Build.0 = Debug|Win32
		{61D2E9CB-6C2B-4474-8AED-CD99E6A05C0C}.Release|x64.ActiveCfg = Release|x64
		{61D2E9CB-6C2B-4474-8AED-CD99E6A05C0C}.Release|x64.Build.0 = Release|x64
		{61D2E9CB-6C2B-4474-8AED-CD99E6A05C0C}.Release|x86.ActiveCfg = Release|Win32
		{61D2E9CB-6C2B-4474-8AED-CD99E6A05C0C}.Release|x86.Build.0 = Release|Win32
		{D15549C4-7560-455B-89AF-EDBB87AB7BEA}.Debug|x64.ActiveCfg = Debug|x64
		{D15549C4-7560-455B-89AF-EDBB87AB7BEA}.Debug|x64.Build.0 = Debug|x64
		{D15549C4-7560-455B-89AF-EDBB87AB7BEA}.Debug|x86.ActiveCfg = Debug|Win32
		{D15549C4-7560-455B-89AF-EDBB87AB7BEA}.Debug|x86.Build.0 = Debug|Win32
		{D15549C4-7560-455B-89AF-EDBB87AB7BEA}.Release|x64.ActiveCfg = Release|x64
		{D15549C4-7560-455B-89AF-EDBB87AB7BEA}.Release|x64.Build.0 = Release|x64
		{D15549C4-7560-455B-89AF-EDBB87AB7BEA}.Release|x86.ActiveCfg = Release|Win32
		{D15549C4-7560-455B-89AF-EDBB87AB7BEA}.Release|x86.Build.0 = Release|Win32
		{AFAB2E0A-B7A7-4C05-A2AF-BF02135A5C94}.Debug|x64.ActiveCfg = Debug|x64
		{AFAB2E0A-B7A7-4C05-A2AF-BF02135A5C94}.Debug|x64.Build.0 = Debug|x64
		{AFAB2E0A-B7A7-4C05-A2AF-BF02135A5C94}.Debug|x86.ActiveCfg = Debug|Win32
		{AFAB2E0A-B7A7-4C05-A2AF-BF02135A5C94}.Debug|x86.Build.0 = Debug|Win32
		{AFAB2E0A-B7A7-4C05-A2AF-BF02135A5C94}.Release|x64.ActiveCfg = Release|x64
		{AFAB2E0A-B7A7-4C05-A2AF-BF02135A5C94}.Release|x64.Build.0 = Release|x64
		{AFAB2E0A-B7A7-4C05-A2AF-BF02135A5C94}.Release|x86.ActiveCfg = Release|Win32
		{AFAB2E0A-B7A7-4C05-A2AF-BF02135A5C94}.Release|x86.Build.0 = Release|Win32
	EndGlobalSection
	GlobalSection(SolutionProperties) = preSolution
		HideSolutionNode = FALSE
	EndGlobalSection
	GlobalSection(ExtensibilityGlobals) = postSolution
		SolutionGuid = {44EB9A16-9E32-4E5D-9E33-A84A572EC910}
	EndGlobalSection
EndGlobal
